
Microsoft Visual Studio Solution File, Format Version 12.00
# Visual Studio Version 17
VisualStudioVersion = 17.4.33110.190
MinimumVisualStudioVersion = 10.0.40219.1
Project("{FAE04EC0-301F-11D3-BF4B-00C04F79EFBC}") = "9xCode", "9xCode\9xCode.csproj", "{AE5B2E3B-2A94-42A7-B046-C620971A024E}"
EndProject
Project("{2150E333-8FDC-42A3-9474-1A3956D46DE8}") = "Elementos de la solución", "Elementos de la solución", "{951C032A-4064-4DBE-B399-2EB6CE67BD7D}"
	ProjectSection(SolutionItems) = preProject
		.gitignore = .gitignore
		LICENSE.txt = LICENSE.txt
		README.md = README.md
	EndProjectSection
EndProject
Global
	GlobalSection(SolutionConfigurationPlatforms) = preSolution
		Debug|Any CPU = Debug|Any CPU
		Release|Any CPU = Release|Any CPU
	EndGlobalSection
	GlobalSection(ProjectConfigurationPlatforms) = postSolution
		{AE5B2E3B-2A94-42A7-B046-C620971A024E}.Debug|Any CPU.ActiveCfg = Debug|Any CPU
		{AE5B2E3B-2A94-42A7-B046-C620971A024E}.Debug|Any CPU.Build.0 = Debug|Any CPU
		{AE5B2E3B-2A94-42A7-B046-C620971A024E}.Release|Any CPU.ActiveCfg = Release|Any CPU
		{AE5B2E3B-2A94-42A7-B046-C620971A024E}.Release|Any CPU.Build.0 = Release|Any CPU
	EndGlobalSection
	GlobalSection(SolutionProperties) = preSolution
		HideSolutionNode = FALSE
	EndGlobalSection
	GlobalSection(ExtensibilityGlobals) = postSolution
		SolutionGuid = {C4E6E9F8-7752-4227-8FE9-FB66B591238C}
	EndGlobalSection
EndGlobal
